// !$*UTF8*$!
{
	archiveVersion = 1;
	classes = {
	};
	objectVersion = 50;
	objects = {

/* Begin PBXBuildFile section */
		CCD921F724A3799000C8CA19 /* BMI.swift in Sources */ = {isa = PBXBuildFile; fileRef = CCD921F624A3799000C8CA19 /* BMI.swift */; };
		CCE61D2824A2734A00D1B7CD /* AppDelegate.swift in Sources */ = {isa = PBXBuildFile; fileRef = CCE61D2724A2734A00D1B7CD /* AppDelegate.swift */; };
		CCE61D2A24A2734A00D1B7CD /* SceneDelegate.swift in Sources */ = {isa = PBXBuildFile; fileRef = CCE61D2924A2734A00D1B7CD /* SceneDelegate.swift */; };
		CCE61D2C24A2734A00D1B7CD /* CalculateViewController.swift in Sources */ = {isa = PBXBuildFile; fileRef = CCE61D2B24A2734A00D1B7CD /* CalculateViewController.swift */; };
		CCE61D2F24A2734A00D1B7CD /* Main.storyboard in Resources */ = {isa = PBXBuildFile; fileRef = CCE61D2D24A2734A00D1B7CD /* Main.storyboard */; };
		CCE61D3124A2734B00D1B7CD /* Assets.xcassets in Resources */ = {isa = PBXBuildFile; fileRef = CCE61D3024A2734B00D1B7CD /* Assets.xcassets */; };
		CCE61D3424A2734B00D1B7CD /* LaunchScreen.storyboard in Resources */ = {isa = PBXBuildFile; fileRef = CCE61D3224A2734B00D1B7CD /* LaunchScreen.storyboard */; };
		CCE61D3F24A2748300D1B7CD /* ResultViewController.swift in Sources */ = {isa = PBXBuildFile; fileRef = CCE61D3E24A2748300D1B7CD /* ResultViewController.swift */; };
		CCE61D4124A2946100D1B7CD /* CalculatorBrain.swift in Sources */ = {isa = PBXBuildFile; fileRef = CCE61D4024A2946100D1B7CD /* CalculatorBrain.swift */; };
/* End PBXBuildFile section */

/* Begin PBXFileReference section */
		CCD921F624A3799000C8CA19 /* BMI.swift */ = {isa = PBXFileReference; lastKnownFileType = sourcecode.swift; path = BMI.swift; sourceTree = "<group>"; };
		CCE61D2424A2734A00D1B7CD /* BMI Calculator App.app */ = {isa = PBXFileReference; explicitFileType = wrapper.application; includeInIndex = 0; path = "BMI Calculator App.app"; sourceTree = BUILT_PRODUCTS_DIR; };
		CCE61D2724A2734A00D1B7CD /* AppDelegate.swift */ = {isa = PBXFileReference; lastKnownFileType = sourcecode.swift; path = AppDelegate.swift; sourceTree = "<group>"; };
		CCE61D2924A2734A00D1B7CD /* SceneDelegate.swift */ = {isa = PBXFileReference; lastKnownFileType = sourcecode.swift; path = SceneDelegate.swift; sourceTree = "<group>"; };
		CCE61D2B24A2734A00D1B7CD /* CalculateViewController.swift */ = {isa = PBXFileReference; lastKnownFileType = sourcecode.swift; path = CalculateViewController.swift; sourceTree = "<group>"; };
		CCE61D2E24A2734A00D1B7CD /* Base */ = {isa = PBXFileReference; lastKnownFileType = file.storyboard; name = Base; path = Base.lproj/Main.storyboard; sourceTree = "<group>"; };
		CCE61D3024A2734B00D1B7CD /* Assets.xcassets */ = {isa = PBXFileReference; lastKnownFileType = folder.assetcatalog; path = Assets.xcassets; sourceTree = "<group>"; };
		CCE61D3324A2734B00D1B7CD /* Base */ = {isa = PBXFileReference; lastKnownFileType = file.storyboard; name = Base; path = Base.lproj/LaunchScreen.storyboard; sourceTree = "<group>"; };
		CCE61D3524A2734B00D1B7CD /* Info.plist */ = {isa = PBXFileReference; lastKnownFileType = text.plist.xml; path = Info.plist; sourceTree = "<group>"; };
		CCE61D3E24A2748300D1B7CD /* ResultViewController.swift */ = {isa = PBXFileReference; lastKnownFileType = sourcecode.swift; path = ResultViewController.swift; sourceTree = "<group>"; };
		CCE61D4024A2946100D1B7CD /* CalculatorBrain.swift */ = {isa = PBXFileReference; lastKnownFileType = sourcecode.swift; path = CalculatorBrain.swift; sourceTree = "<group>"; };
/* End PBXFileReference section */

/* Begin PBXFrameworksBuildPhase section */
		CCE61D2124A2734A00D1B7CD /* Frameworks */ = {
			isa = PBXFrameworksBuildPhase;
			buildActionMask = 2147483647;
			files = (
			);
			runOnlyForDeploymentPostprocessing = 0;
		};
/* End PBXFrameworksBuildPhase section */

/* Begin PBXGroup section */
		CCE61D1B24A2734A00D1B7CD = {
			isa = PBXGroup;
			children = (
				CCE61D2624A2734A00D1B7CD /* BMI Calculator App */,
				CCE61D2524A2734A00D1B7CD /* Products */,
			);
			sourceTree = "<group>";
		};
		CCE61D2524A2734A00D1B7CD /* Products */ = {
			isa = PBXGroup;
			children = (
				CCE61D2424A2734A00D1B7CD /* BMI Calculator App.app */,
			);
			name = Products;
			sourceTree = "<group>";
		};
		CCE61D2624A2734A00D1B7CD /* BMI Calculator App */ = {
			isa = PBXGroup;
			children = (
				CCE61D2724A2734A00D1B7CD /* AppDelegate.swift */,
				CCE61D2924A2734A00D1B7CD /* SceneDelegate.swift */,
				CCE61D3D24A2737B00D1B7CD /* Model */,
				CCE61D3B24A2735900D1B7CD /* View */,
				CCE61D3C24A2736000D1B7CD /* Controller */,
				CCE61D3024A2734B00D1B7CD /* Assets.xcassets */,
				CCE61D3224A2734B00D1B7CD /* LaunchScreen.storyboard */,
				CCE61D3524A2734B00D1B7CD /* Info.plist */,
			);
			path = "BMI Calculator App";
			sourceTree = "<group>";
		};
		CCE61D3B24A2735900D1B7CD /* View */ = {
			isa = PBXGroup;
			children = (
				CCE61D2D24A2734A00D1B7CD /* Main.storyboard */,
			);
			path = View;
			sourceTree = "<group>";
		};
		CCE61D3C24A2736000D1B7CD /* Controller */ = {
			isa = PBXGroup;
			children = (
				CCE61D2B24A2734A00D1B7CD /* CalculateViewController.swift */,
				CCE61D3E24A2748300D1B7CD /* ResultViewController.swift */,
			);
			path = Controller;
			sourceTree = "<group>";
		};
		CCE61D3D24A2737B00D1B7CD /* Model */ = {
			isa = PBXGroup;
			children = (
				CCE61D4024A2946100D1B7CD /* CalculatorBrain.swift */,
				CCD921F624A3799000C8CA19 /* BMI.swift */,
			);
			path = Model;
			sourceTree = "<group>";
		};
/* End PBXGroup section */

/* Begin PBXNativeTarget section */
		CCE61D2324A2734A00D1B7CD /* BMI Calculator App */ = {
			isa = PBXNativeTarget;
			buildConfigurationList = CCE61D3824A2734B00D1B7CD /* Build configuration list for PBXNativeTarget "BMI Calculator App" */;
			buildPhases = (
				CCE61D2024A2734A00D1B7CD /* Sources */,
				CCE61D2124A2734A00D1B7CD /* Frameworks */,
				CCE61D2224A2734A00D1B7CD /* Resources */,
			);
			buildRules = (
			);
			dependencies = (
			);
			name = "BMI Calculator App";
			productName = "BMI Calculator App";
			productReference = CCE61D2424A2734A00D1B7CD /* BMI Calculator App.app */;
			productType = "com.apple.product-type.application";
		};
/* End PBXNativeTarget section */

/* Begin PBXProject section */
		CCE61D1C24A2734A00D1B7CD /* Project object */ = {
			isa = PBXProject;
			attributes = {
				LastSwiftUpdateCheck = 1150;
				LastUpgradeCheck = 1150;
				ORGANIZATIONNAME = "Paweł Jagła";
				TargetAttributes = {
					CCE61D2324A2734A00D1B7CD = {
						CreatedOnToolsVersion = 11.5;
					};
				};
			};
			buildConfigurationList = CCE61D1F24A2734A00D1B7CD /* Build configuration list for PBXProject "BMI Calculator App" */;
			compatibilityVersion = "Xcode 9.3";
			developmentRegion = en;
			hasScannedForEncodings = 0;
			knownRegions = (
				en,
				Base,
			);
			mainGroup = CCE61D1B24A2734A00D1B7CD;
			productRefGroup = CCE61D2524A2734A00D1B7CD /* Products */;
			projectDirPath = "";
			projectRoot = "";
			targets = (
				CCE61D2324A2734A00D1B7CD /* BMI Calculator App */,
			);
		};
/* End PBXProject section */

/* Begin PBXResourcesBuildPhase section */
		CCE61D2224A2734A00D1B7CD /* Resources */ = {
			isa = PBXResourcesBuildPhase;
			buildActionMask = 2147483647;
			files = (
				CCE61D3424A2734B00D1B7CD /* LaunchScreen.storyboard in Resources */,
				CCE61D3124A2734B00D1B7CD /* Assets.xcassets in Resources */,
				CCE61D2F24A2734A00D1B7CD /* Main.storyboard in Resources */,
			);
			runOnlyForDeploymentPostprocessing = 0;
		};
/* End PBXResourcesBuildPhase section */

/* Begin PBXSourcesBuildPhase section */
		CCE61D2024A2734A00D1B7CD /* Sources */ = {
			isa = PBXSourcesBuildPhase;
			buildActionMask = 2147483647;
			files = (
				CCE61D2C24A2734A00D1B7CD /* CalculateViewController.swift in Sources */,
				CCE61D2824A2734A00D1B7CD /* AppDelegate.swift in Sources */,
				CCE61D2A24A2734A00D1B7CD /* SceneDelegate.swift in Sources */,
				CCE61D4124A2946100D1B7CD /* CalculatorBrain.swift in Sources */,
				CCD921F724A3799000C8CA19 /* BMI.swift in Sources */,
				CCE61D3F24A2748300D1B7CD /* ResultViewController.swift in Sources */,
			);
			runOnlyForDeploymentPostprocessing = 0;
		};
/* End PBXSourcesBuildPhase section */

/* Begin PBXVariantGroup section */
		CCE61D2D24A2734A00D1B7CD /* Main.storyboard */ = {
			isa = PBXVariantGroup;
			children = (
				CCE61D2E24A2734A00D1B7CD /* Base */,
			);
			name = Main.storyboard;
			sourceTree = "<group>";
		};
		CCE61D3224A2734B00D1B7CD /* LaunchScreen.storyboard */ = {
			isa = PBXVariantGroup;
			children = (
				CCE61D3324A2734B00D1B7CD /* Base */,
			);
			name = LaunchScreen.storyboard;
			sourceTree = "<group>";
		};
/* End PBXVariantGroup section */

/* Begin XCBuildConfiguration section */
		CCE61D3624A2734B00D1B7CD /* Debug */ = {
			isa = XCBuildConfiguration;
			buildSettings = {
				ALWAYS_SEARCH_USER_PATHS = NO;
				CLANG_ANALYZER_NONNULL = YES;
				CLANG_ANALYZER_NUMBER_OBJECT_CONVERSION = YES_AGGRESSIVE;
				CLANG_CXX_LANGUAGE_STANDARD = "gnu++14";
				CLANG_CXX_LIBRARY = "libc++";
				CLANG_ENABLE_MODULES = YES;
				CLANG_ENABLE_OBJC_ARC = YES;
				CLANG_ENABLE_OBJC_WEAK = YES;
				CLANG_WARN_BLOCK_CAPTURE_AUTORELEASING = YES;
				CLANG_WARN_BOOL_CONVERSION = YES;
				CLANG_WARN_COMMA = YES;
				CLANG_WARN_CONSTANT_CONVERSION = YES;
				CLANG_WARN_DEPRECATED_OBJC_IMPLEMENTATIONS = YES;
				CLANG_WARN_DIRECT_OBJC_ISA_USAGE = YES_ERROR;
				CLANG_WARN_DOCUMENTATION_COMMENTS = YES;
				CLANG_WARN_EMPTY_BODY = YES;
				CLANG_WARN_ENUM_CONVERSION = YES;
				CLANG_WARN_INFINITE_RECURSION = YES;
				CLANG_WARN_INT_CONVERSION = YES;
				CLANG_WARN_NON_LITERAL_NULL_CONVERSION = YES;
				CLANG_WARN_OBJC_IMPLICIT_RETAIN_SELF = YES;
				CLANG_WARN_OBJC_LITERAL_CONVERSION = YES;
				CLANG_WARN_OBJC_ROOT_CLASS = YES_ERROR;
				CLANG_WARN_RANGE_LOOP_ANALYSIS = YES;
				CLANG_WARN_STRICT_PROTOTYPES = YES;
				CLANG_WARN_SUSPICIOUS_MOVE = YES;
				CLANG_WARN_UNGUARDED_AVAILABILITY = YES_AGGRESSIVE;
				CLANG_WARN_UNREACHABLE_CODE = YES;
				CLANG_WARN__DUPLICATE_METHOD_MATCH = YES;
				COPY_PHASE_STRIP = NO;
				DEBUG_INFORMATION_FORMAT = dwarf;
				ENABLE_STRICT_OBJC_MSGSEND = YES;
				ENABLE_TESTABILITY = YES;
				GCC_C_LANGUAGE_STANDARD = gnu11;
				GCC_DYNAMIC_NO_PIC = NO;
				GCC_NO_COMMON_BLOCKS = YES;
				GCC_OPTIMIZATION_LEVEL = 0;
				GCC_PREPROCESSOR_DEFINITIONS = (
					"DEBUG=1",
					"$(inherited)",
				);
				GCC_WARN_64_TO_32_BIT_CONVERSION = YES;
				GCC_WARN_ABOUT_RETURN_TYPE = YES_ERROR;
				GCC_WARN_UNDECLARED_SELECTOR = YES;
				GCC_WARN_UNINITIALIZED_AUTOS = YES_AGGRESSIVE;
				GCC_WARN_UNUSED_FUNCTION = YES;
				GCC_WARN_UNUSED_VARIABLE = YES;
				IPHONEOS_DEPLOYMENT_TARGET = 13.5;
				MTL_ENABLE_DEBUG_INFO = INCLUDE_SOURCE;
				MTL_FAST_MATH = YES;
				ONLY_ACTIVE_ARCH = YES;
				SDKROOT = iphoneos;
				SWIFT_ACTIVE_COMPILATION_CONDITIONS = DEBUG;
				SWIFT_OPTIMIZATION_LEVEL = "-Onone";
			};
			name = Debug;
		};
		CCE61D3724A2734B00D1B7CD /* Release */ = {
			isa = XCBuildConfiguration;
			buildSettings = {
				ALWAYS_SEARCH_USER_PATHS = NO;
				CLANG_ANALYZER_NONNULL = YES;
				CLANG_ANALYZER_NUMBER_OBJECT_CONVERSION = YES_AGGRESSIVE;
				CLANG_CXX_LANGUAGE_STANDARD = "gnu++14";
				CLANG_CXX_LIBRARY = "libc++";
				CLANG_ENABLE_MODULES = YES;
				CLANG_ENABLE_OBJC_ARC = YES;
				CLANG_ENABLE_OBJC_WEAK = YES;
				CLANG_WARN_BLOCK_CAPTURE_AUTORELEASING = YES;
				CLANG_WARN_BOOL_CONVERSION = YES;
				CLANG_WARN_COMMA = YES;
				CLANG_WARN_CONSTANT_CONVERSION = YES;
				CLANG_WARN_DEPRECATED_OBJC_IMPLEMENTATIONS = YES;
				CLANG_WARN_DIRECT_OBJC_ISA_USAGE = YES_ERROR;
				CLANG_WARN_DOCUMENTATION_COMMENTS = YES;
				CLANG_WARN_EMPTY_BODY = YES;
				CLANG_WARN_ENUM_CONVERSION = YES;
				CLANG_WARN_INFINITE_RECURSION = YES;
				CLANG_WARN_INT_CONVERSION = YES;
				CLANG_WARN_NON_LITERAL_NULL_CONVERSION = YES;
				CLANG_WARN_OBJC_IMPLICIT_RETAIN_SELF = YES;
				CLANG_WARN_OBJC_LITERAL_CONVERSION = YES;
				CLANG_WARN_OBJC_ROOT_CLASS = YES_ERROR;
				CLANG_WARN_RANGE_LOOP_ANALYSIS = YES;
				CLANG_WARN_STRICT_PROTOTYPES = YES;
				CLANG_WARN_SUSPICIOUS_MOVE = YES;
				CLANG_WARN_UNGUARDED_AVAILABILITY = YES_AGGRESSIVE;
				CLANG_WARN_UNREACHABLE_CODE = YES;
				CLANG_WARN__DUPLICATE_METHOD_MATCH = YES;
				COPY_PHASE_STRIP = NO;
				DEBUG_INFORMATION_FORMAT = "dwarf-with-dsym";
				ENABLE_NS_ASSERTIONS = NO;
				ENABLE_STRICT_OBJC_MSGSEND = YES;
				GCC_C_LANGUAGE_STANDARD = gnu11;
				GCC_NO_COMMON_BLOCKS = YES;
				GCC_WARN_64_TO_32_BIT_CONVERSION = YES;
				GCC_WARN_ABOUT_RETURN_TYPE = YES_ERROR;
				GCC_WARN_UNDECLARED_SELECTOR = YES;
				GCC_WARN_UNINITIALIZED_AUTOS = YES_AGGRESSIVE;
				GCC_WARN_UNUSED_FUNCTION = YES;
				GCC_WARN_UNUSED_VARIABLE = YES;
				IPHONEOS_DEPLOYMENT_TARGET = 13.5;
				MTL_ENABLE_DEBUG_INFO = NO;
				MTL_FAST_MATH = YES;
				SDKROOT = iphoneos;
				SWIFT_COMPILATION_MODE = wholemodule;
				SWIFT_OPTIMIZATION_LEVEL = "-O";
				VALIDATE_PRODUCT = YES;
			};
			name = Release;
		};
		CCE61D3924A2734B00D1B7CD /* Debug */ = {
			isa = XCBuildConfiguration;
			buildSettings = {
				ASSETCATALOG_COMPILER_APPICON_NAME = AppIcon;
				CODE_SIGN_STYLE = Automatic;
				DEVELOPMENT_TEAM = G8Z5DFHA7Y;
				INFOPLIST_FILE = "BMI Calculator App/Info.plist";
				LD_RUNPATH_SEARCH_PATHS = (
					"$(inherited)",
					"@executable_path/Frameworks",
				);
				PRODUCT_BUNDLE_IDENTIFIER = "com.pav.dev.BMI-Calculator-App";
				PRODUCT_NAME = "$(TARGET_NAME)";
				SWIFT_VERSION = 5.0;
				TARGETED_DEVICE_FAMILY = "1,2";
			};
			name = Debug;
		};
		CCE61D3A24A2734B00D1B7CD /* Release */ = {
			isa = XCBuildConfiguration;
			buildSettings = {
				ASSETCATALOG_COMPILER_APPICON_NAME = AppIcon;
				CODE_SIGN_STYLE = Automatic;
				DEVELOPMENT_TEAM = G8Z5DFHA7Y;
				INFOPLIST_FILE = "BMI Calculator App/Info.plist";
				LD_RUNPATH_SEARCH_PATHS = (
					"$(inherited)",
					"@executable_path/Frameworks",
				);
				PRODUCT_BUNDLE_IDENTIFIER = "com.pav.dev.BMI-Calculator-App";
				PRODUCT_NAME = "$(TARGET_NAME)";
				SWIFT_VERSION = 5.0;
				TARGETED_DEVICE_FAMILY = "1,2";
			};
			name = Release;
		};
/* End XCBuildConfiguration section */

/* Begin XCConfigurationList section */
		CCE61D1F24A2734A00D1B7CD /* Build configuration list for PBXProject "BMI Calculator App" */ = {
			isa = XCConfigurationList;
			buildConfigurations = (
				CCE61D3624A2734B00D1B7CD /* Debug */,
				CCE61D3724A2734B00D1B7CD /* Release */,
			);
			defaultConfigurationIsVisible = 0;
			defaultConfigurationName = Release;
		};
		CCE61D3824A2734B00D1B7CD /* Build configuration list for PBXNativeTarget "BMI Calculator App" */ = {
			isa = XCConfigurationList;
			buildConfigurations = (
				CCE61D3924A2734B00D1B7CD /* Debug */,
				CCE61D3A24A2734B00D1B7CD /* Release */,
			);
			defaultConfigurationIsVisible = 0;
			defaultConfigurationName = Release;
		};
/* End XCConfigurationList section */
	};
	rootObject = CCE61D1C24A2734A00D1B7CD /* Project object */;
}
